
Microsoft Visual Studio Solution File, Format Version 12.00
# Visual Studio Version 16
VisualStudioVersion = 16.0.29905.134
MinimumVisualStudioVersion = 10.0.40219.1
Project("{FAE04EC0-301F-11D3-BF4B-00C04F79EFBC}") = "OOP", "Classes\OOP.csproj", "{126917AC-0105-420F-BCBF-65DCF015136F}"
EndProject
Global
	GlobalSection(SolutionConfigurationPlatforms) = preSolution
		Debug|Any CPU = Debug|Any CPU
		Release|Any CPU = Release|Any CPU
	EndGlobalSection
	GlobalSection(ProjectConfigurationPlatforms) = postSolution
		{126917AC-0105-420F-BCBF-65DCF015136F}.Debug|Any CPU.ActiveCfg = Debug|Any CPU
		{126917AC-0105-420F-BCBF-65DCF015136F}.Debug|Any CPU.Build.0 = Debug|Any CPU
		{126917AC-0105-420F-BCBF-65DCF015136F}.Release|Any CPU.ActiveCfg = Release|Any CPU
		{126917AC-0105-420F-BCBF-65DCF015136F}.Release|Any CPU.Build.0 = Release|Any CPU
	EndGlobalSection
	GlobalSection(SolutionProperties) = preSolution
		HideSolutionNode = FALSE
	EndGlobalSection
	GlobalSection(ExtensibilityGlobals) = postSolution
		SolutionGuid = {D149D78F-2E95-4BCA-975A-7DB9B6C0A9DE}
	EndGlobalSection
EndGlobal
